{
  "name": "custom-rendering-spa",
  "version": "1.0.0",
  "lockfileVersion": 1,
  "requires": true,
  "dependencies": {
    "rxjs-observe": {
      "version": "2.1.5",
      "resolved": "https://registry.npmjs.org/rxjs-observe/-/rxjs-observe-2.1.5.tgz",
      "integrity": "sha512-jHZ2Aze8oTWG07KTM6vViQIQVl2DchkQe2XgUIddSMaRLD5EZhutLkAeID9/uxFPdY3hjipFrPVlbtKcCRhxZw=="
    }
  }
}
